
Microsoft Visual Studio Solution File, Format Version 12.00
# Visual Studio Version 17
VisualStudioVersion = 17.11.35303.130
MinimumVisualStudioVersion = 10.0.40219.1
Project("{FAE04EC0-301F-11D3-BF4B-00C04F79EFBC}") = "PreTool", "PreTool.csproj", "{204F31B9-D38F-44D7-8097-0D365E6C170F}"
EndProject
Global
	GlobalSection(SolutionConfigurationPlatforms) = preSolution
		Debug|Any CPU = Debug|Any CPU
		Release|Any CPU = Release|Any CPU
	EndGlobalSection
	GlobalSection(ProjectConfigurationPlatforms) = postSolution
		{204F31B9-D38F-44D7-8097-0D365E6C170F}.Debug|Any CPU.ActiveCfg = Debug|Any CPU
		{204F31B9-D38F-44D7-8097-0D365E6C170F}.Debug|Any CPU.Build.0 = Debug|Any CPU
		{204F31B9-D38F-44D7-8097-0D365E6C170F}.Release|Any CPU.ActiveCfg = Release|Any CPU
		{204F31B9-D38F-44D7-8097-0D365E6C170F}.Release|Any CPU.Build.0 = Release|Any CPU
	EndGlobalSection
	GlobalSection(SolutionProperties) = preSolution
		HideSolutionNode = FALSE
	EndGlobalSection
	GlobalSection(ExtensibilityGlobals) = postSolution
		SolutionGuid = {906D0E80-4926-46AA-BC20-B416A0B36AC3}
	EndGlobalSection
EndGlobal
